
Microsoft Visual Studio Solution File, Format Version 12.00
# Visual Studio Version 17
VisualStudioVersion = 17.14.36121.58 d17.14
MinimumVisualStudioVersion = 10.0.40219.1
Project("{FAE04EC0-301F-11D3-BF4B-00C04F79EFBC}") = "AuthApi", "AuthApi\AuthApi.csproj", "{B46D78EB-6F0D-436B-92FE-A329B409E116}"
EndProject
Global
	GlobalSection(SolutionConfigurationPlatforms) = preSolution
		Debug|Any CPU = Debug|Any CPU
		Release|Any CPU = Release|Any CPU
	EndGlobalSection
	GlobalSection(ProjectConfigurationPlatforms) = postSolution
		{B46D78EB-6F0D-436B-92FE-A329B409E116}.Debug|Any CPU.ActiveCfg = Debug|Any CPU
		{B46D78EB-6F0D-436B-92FE-A329B409E116}.Debug|Any CPU.Build.0 = Debug|Any CPU
		{B46D78EB-6F0D-436B-92FE-A329B409E116}.Release|Any CPU.ActiveCfg = Release|Any CPU
		{B46D78EB-6F0D-436B-92FE-A329B409E116}.Release|Any CPU.Build.0 = Release|Any CPU
	EndGlobalSection
	GlobalSection(SolutionProperties) = preSolution
		HideSolutionNode = FALSE
	EndGlobalSection
	GlobalSection(ExtensibilityGlobals) = postSolution
		SolutionGuid = {617EB463-DEEA-4014-B069-79A68961B249}
	EndGlobalSection
EndGlobal
